// !$*UTF8*$!
{
	archiveVersion = 1;
	classes = {
	};
	objectVersion = 52;
	objects = {

/* Begin PBXBuildFile section */
		991F969423D060820038EE45 /* Kingfisher in Frameworks */ = {isa = PBXBuildFile; productRef = 991F969323D060820038EE45 /* Kingfisher */; };
		991F969723D061C30038EE45 /* Stevia in Frameworks */ = {isa = PBXBuildFile; productRef = 991F969623D061C30038EE45 /* Stevia */; };
		991F969A23D062C80038EE45 /* ws in Frameworks */ = {isa = PBXBuildFile; productRef = 991F969923D062C80038EE45 /* ws */; };
		9964CFA61E4669B800E051AD /* Localizable.strings in Resources */ = {isa = PBXBuildFile; fileRef = 9964CFA31E4669B800E051AD /* Localizable.strings */; };
		998CF1821FB9EF070071B21B /* Photo+Api.swift in Sources */ = {isa = PBXBuildFile; fileRef = 998CF1811FB9EF070071B21B /* Photo+Api.swift */; };
		99EC7AE91E3F71DD008BBBA5 /* Assets.xcassets in Resources */ = {isa = PBXBuildFile; fileRef = 99EC7ADB1E3F71DD008BBBA5 /* Assets.xcassets */; };
		99EC7AEA1E3F71DD008BBBA5 /* LaunchScreen.storyboard in Resources */ = {isa = PBXBuildFile; fileRef = 99EC7ADD1E3F71DD008BBBA5 /* LaunchScreen.storyboard */; };
		99EC7AEB1E3F71DD008BBBA5 /* Photo+JSON.swift in Sources */ = {isa = PBXBuildFile; fileRef = 99EC7ADF1E3F71DD008BBBA5 /* Photo+JSON.swift */; };
		99EC7AEC1E3F71DD008BBBA5 /* Photo.swift in Sources */ = {isa = PBXBuildFile; fileRef = 99EC7AE01E3F71DD008BBBA5 /* Photo.swift */; };
		99EC7AED1E3F71DD008BBBA5 /* AppDelegate.swift in Sources */ = {isa = PBXBuildFile; fileRef = 99EC7AE11E3F71DD008BBBA5 /* AppDelegate.swift */; };
		99EC7AEE1E3F71DD008BBBA5 /* Api.swift in Sources */ = {isa = PBXBuildFile; fileRef = 99EC7AE21E3F71DD008BBBA5 /* Api.swift */; };
		99EC7AEF1E3F71DD008BBBA5 /* WSApi.swift in Sources */ = {isa = PBXBuildFile; fileRef = 99EC7AE31E3F71DD008BBBA5 /* WSApi.swift */; };
		99EC7AF01E3F71DD008BBBA5 /* PhotosView.swift in Sources */ = {isa = PBXBuildFile; fileRef = 99EC7AE41E3F71DD008BBBA5 /* PhotosView.swift */; };
		99EC7AF11E3F71DD008BBBA5 /* PhotoCell.swift in Sources */ = {isa = PBXBuildFile; fileRef = 99EC7AE51E3F71DD008BBBA5 /* PhotoCell.swift */; };
		99EC7AF21E3F71DD008BBBA5 /* PhotosVC.swift in Sources */ = {isa = PBXBuildFile; fileRef = 99EC7AE61E3F71DD008BBBA5 /* PhotosVC.swift */; };
		99EC7AF31E3F71DD008BBBA5 /* PhotoCell+Photo.swift in Sources */ = {isa = PBXBuildFile; fileRef = 99EC7AE71E3F71DD008BBBA5 /* PhotoCell+Photo.swift */; };
/* End PBXBuildFile section */

/* Begin PBXFileReference section */
		991E304A1E3F57810099AD2A /* StarterProject.app */ = {isa = PBXFileReference; explicitFileType = wrapper.application; includeInIndex = 0; path = StarterProject.app; sourceTree = BUILT_PRODUCTS_DIR; };
		991E30611E3F59840099AD2A /* Stevia.framework */ = {isa = PBXFileReference; lastKnownFileType = wrapper.framework; name = Stevia.framework; path = ../Carthage/Build/iOS/Stevia.framework; sourceTree = "<group>"; };
		991E30631E3F59870099AD2A /* ws.framework */ = {isa = PBXFileReference; lastKnownFileType = wrapper.framework; name = ws.framework; path = ../Carthage/Build/iOS/ws.framework; sourceTree = "<group>"; };
		991E30651E3F598A0099AD2A /* Alamofire.framework */ = {isa = PBXFileReference; lastKnownFileType = wrapper.framework; name = Alamofire.framework; path = ../Carthage/Build/iOS/Alamofire.framework; sourceTree = "<group>"; };
		991E30671E3F598D0099AD2A /* Arrow.framework */ = {isa = PBXFileReference; lastKnownFileType = wrapper.framework; name = Arrow.framework; path = ../Carthage/Build/iOS/Arrow.framework; sourceTree = "<group>"; };
		991E30691E3F59900099AD2A /* then.framework */ = {isa = PBXFileReference; lastKnownFileType = wrapper.framework; name = then.framework; path = ../Carthage/Build/iOS/then.framework; sourceTree = "<group>"; };
		991E306C1E3F5BE40099AD2A /* Arrow.framework */ = {isa = PBXFileReference; lastKnownFileType = wrapper.framework; name = Arrow.framework; path = Carthage/Build/iOS/Arrow.framework; sourceTree = "<group>"; };
		991E306E1E3F5BE60099AD2A /* Alamofire.framework */ = {isa = PBXFileReference; lastKnownFileType = wrapper.framework; name = Alamofire.framework; path = Carthage/Build/iOS/Alamofire.framework; sourceTree = "<group>"; };
		991E30701E3F5BE90099AD2A /* Stevia.framework */ = {isa = PBXFileReference; lastKnownFileType = wrapper.framework; name = Stevia.framework; path = Carthage/Build/iOS/Stevia.framework; sourceTree = "<group>"; };
		991E30721E3F5BEB0099AD2A /* ws.framework */ = {isa = PBXFileReference; lastKnownFileType = wrapper.framework; name = ws.framework; path = Carthage/Build/iOS/ws.framework; sourceTree = "<group>"; };
		991E30741E3F5BEF0099AD2A /* then.framework */ = {isa = PBXFileReference; lastKnownFileType = wrapper.framework; name = then.framework; path = Carthage/Build/iOS/then.framework; sourceTree = "<group>"; };
		991E30831E3F63800099AD2A /* Kingfisher.framework */ = {isa = PBXFileReference; lastKnownFileType = wrapper.framework; name = Kingfisher.framework; path = Carthage/Build/iOS/Kingfisher.framework; sourceTree = "<group>"; };
		9964CFA41E4669B800E051AD /* es */ = {isa = PBXFileReference; lastKnownFileType = text.plist.strings; name = es; path = Resources/Languages/es.lproj/Localizable.strings; sourceTree = SOURCE_ROOT; };
		9964CFA51E4669B800E051AD /* en */ = {isa = PBXFileReference; lastKnownFileType = text.plist.strings; name = en; path = Resources/Languages/en.lproj/Localizable.strings; sourceTree = SOURCE_ROOT; };
		998CF1811FB9EF070071B21B /* Photo+Api.swift */ = {isa = PBXFileReference; lastKnownFileType = sourcecode.swift; name = "Photo+Api.swift"; path = "StarterProject/Api/Photo+Api.swift"; sourceTree = SOURCE_ROOT; };
		99EC7ADB1E3F71DD008BBBA5 /* Assets.xcassets */ = {isa = PBXFileReference; lastKnownFileType = folder.assetcatalog; name = Assets.xcassets; path = Source/Assets.xcassets; sourceTree = SOURCE_ROOT; };
		99EC7ADE1E3F71DD008BBBA5 /* Base */ = {isa = PBXFileReference; lastKnownFileType = file.storyboard; name = Base; path = LaunchScreen.storyboard; sourceTree = "<group>"; };
		99EC7ADF1E3F71DD008BBBA5 /* Photo+JSON.swift */ = {isa = PBXFileReference; fileEncoding = 4; lastKnownFileType = sourcecode.swift; name = "Photo+JSON.swift"; path = "Source/Photo+JSON.swift"; sourceTree = SOURCE_ROOT; };
		99EC7AE01E3F71DD008BBBA5 /* Photo.swift */ = {isa = PBXFileReference; fileEncoding = 4; lastKnownFileType = sourcecode.swift; name = Photo.swift; path = StarterProject/Photo.swift; sourceTree = SOURCE_ROOT; };
		99EC7AE11E3F71DD008BBBA5 /* AppDelegate.swift */ = {isa = PBXFileReference; fileEncoding = 4; lastKnownFileType = sourcecode.swift; name = AppDelegate.swift; path = Source/AppDelegate.swift; sourceTree = SOURCE_ROOT; };
		99EC7AE21E3F71DD008BBBA5 /* Api.swift */ = {isa = PBXFileReference; fileEncoding = 4; lastKnownFileType = sourcecode.swift; name = Api.swift; path = StarterProject/StarterProject/Api/Api.swift; sourceTree = SOURCE_ROOT; };
		99EC7AE31E3F71DD008BBBA5 /* WSApi.swift */ = {isa = PBXFileReference; fileEncoding = 4; lastKnownFileType = sourcecode.swift; name = WSApi.swift; path = Source/WSApi.swift; sourceTree = SOURCE_ROOT; };
		99EC7AE41E3F71DD008BBBA5 /* PhotosView.swift */ = {isa = PBXFileReference; fileEncoding = 4; lastKnownFileType = sourcecode.swift; name = PhotosView.swift; path = StarterProject/PhotosView.swift; sourceTree = SOURCE_ROOT; };
		99EC7AE51E3F71DD008BBBA5 /* PhotoCell.swift */ = {isa = PBXFileReference; fileEncoding = 4; lastKnownFileType = sourcecode.swift; name = PhotoCell.swift; path = StarterProject/PhotoCell.swift; sourceTree = SOURCE_ROOT; };
		99EC7AE61E3F71DD008BBBA5 /* PhotosVC.swift */ = {isa = PBXFileReference; fileEncoding = 4; lastKnownFileType = sourcecode.swift; name = PhotosVC.swift; path = StarterProject/PhotosVC.swift; sourceTree = SOURCE_ROOT; };
		99EC7AE71E3F71DD008BBBA5 /* PhotoCell+Photo.swift */ = {isa = PBXFileReference; fileEncoding = 4; lastKnownFileType = sourcecode.swift; name = "PhotoCell+Photo.swift"; path = "StarterProject/PhotoCell+Photo.swift"; sourceTree = SOURCE_ROOT; };
		99EC7AE81E3F71DD008BBBA5 /* Info.plist */ = {isa = PBXFileReference; fileEncoding = 4; lastKnownFileType = text.plist.xml; name = Info.plist; path = Source/Info.plist; sourceTree = SOURCE_ROOT; };
/* End PBXFileReference section */

/* Begin PBXFrameworksBuildPhase section */
		991E30471E3F57810099AD2A /* Frameworks */ = {
			isa = PBXFrameworksBuildPhase;
			buildActionMask = 2147483647;
			files = (
				991F969723D061C30038EE45 /* Stevia in Frameworks */,
				991F969423D060820038EE45 /* Kingfisher in Frameworks */,
				991F969A23D062C80038EE45 /* ws in Frameworks */,
			);
			runOnlyForDeploymentPostprocessing = 0;
		};
/* End PBXFrameworksBuildPhase section */

/* Begin PBXGroup section */
		991E30411E3F57810099AD2A = {
			isa = PBXGroup;
			children = (
				991E304C1E3F57810099AD2A /* StarterProject */,
				991E304B1E3F57810099AD2A /* Products */,
				991E30601E3F59840099AD2A /* Frameworks */,
			);
			sourceTree = "<group>";
		};
		991E304B1E3F57810099AD2A /* Products */ = {
			isa = PBXGroup;
			children = (
				991E304A1E3F57810099AD2A /* StarterProject.app */,
			);
			name = Products;
			sourceTree = "<group>";
		};
		991E304C1E3F57810099AD2A /* StarterProject */ = {
			isa = PBXGroup;
			children = (
				99EC7AE11E3F71DD008BBBA5 /* AppDelegate.swift */,
				998CF1831FB9EF610071B21B /* Photos */,
				998CF1801FB9EEF90071B21B /* Api */,
				991E30801E3F5E690099AD2A /* Api Implementation */,
				999127BB1E461FBC007E9B00 /* Resources */,
			);
			path = StarterProject;
			sourceTree = "<group>";
		};
		991E30601E3F59840099AD2A /* Frameworks */ = {
			isa = PBXGroup;
			children = (
				991E30831E3F63800099AD2A /* Kingfisher.framework */,
				991E30741E3F5BEF0099AD2A /* then.framework */,
				991E30721E3F5BEB0099AD2A /* ws.framework */,
				991E30701E3F5BE90099AD2A /* Stevia.framework */,
				991E306E1E3F5BE60099AD2A /* Alamofire.framework */,
				991E306C1E3F5BE40099AD2A /* Arrow.framework */,
				991E30691E3F59900099AD2A /* then.framework */,
				991E30671E3F598D0099AD2A /* Arrow.framework */,
				991E30651E3F598A0099AD2A /* Alamofire.framework */,
				991E30631E3F59870099AD2A /* ws.framework */,
				991E30611E3F59840099AD2A /* Stevia.framework */,
			);
			name = Frameworks;
			sourceTree = "<group>";
		};
		991E30801E3F5E690099AD2A /* Api Implementation */ = {
			isa = PBXGroup;
			children = (
				99EC7AE31E3F71DD008BBBA5 /* WSApi.swift */,
				99EC7ADF1E3F71DD008BBBA5 /* Photo+JSON.swift */,
			);
			name = "Api Implementation";
			sourceTree = "<group>";
		};
		998CF1801FB9EEF90071B21B /* Api */ = {
			isa = PBXGroup;
			children = (
				99EC7AE21E3F71DD008BBBA5 /* Api.swift */,
				998CF1811FB9EF070071B21B /* Photo+Api.swift */,
			);
			name = Api;
			path = StarterProject/Api;
			sourceTree = "<group>";
		};
		998CF1831FB9EF610071B21B /* Photos */ = {
			isa = PBXGroup;
			children = (
				99EC7AE61E3F71DD008BBBA5 /* PhotosVC.swift */,
				99EC7AE01E3F71DD008BBBA5 /* Photo.swift */,
				99EC7AE41E3F71DD008BBBA5 /* PhotosView.swift */,
				99EC7AE51E3F71DD008BBBA5 /* PhotoCell.swift */,
				99EC7AE71E3F71DD008BBBA5 /* PhotoCell+Photo.swift */,
			);
			name = Photos;
			sourceTree = "<group>";
		};
		999127BB1E461FBC007E9B00 /* Resources */ = {
			isa = PBXGroup;
			children = (
				99EC7AE81E3F71DD008BBBA5 /* Info.plist */,
				9964CFA31E4669B800E051AD /* Localizable.strings */,
				99EC7ADB1E3F71DD008BBBA5 /* Assets.xcassets */,
				99EC7ADC1E3F71DD008BBBA5 /* Base.lproj */,
			);
			name = Resources;
			sourceTree = "<group>";
		};
		99EC7ADC1E3F71DD008BBBA5 /* Base.lproj */ = {
			isa = PBXGroup;
			children = (
				99EC7ADD1E3F71DD008BBBA5 /* LaunchScreen.storyboard */,
			);
			name = Base.lproj;
			path = Source/Base.lproj;
			sourceTree = SOURCE_ROOT;
		};
/* End PBXGroup section */

/* Begin PBXNativeTarget section */
		991E30491E3F57810099AD2A /* StarterProject */ = {
			isa = PBXNativeTarget;
			buildConfigurationList = 991E305C1E3F57810099AD2A /* Build configuration list for PBXNativeTarget "StarterProject" */;
			buildPhases = (
				999127BC1E4666C7007E9B00 /* Localisation Safety net Run Script */,
				991E30461E3F57810099AD2A /* Sources */,
				991E30471E3F57810099AD2A /* Frameworks */,
				991E30481E3F57810099AD2A /* Resources */,
			);
			buildRules = (
			);
			dependencies = (
			);
			name = StarterProject;
			packageProductDependencies = (
				991F969323D060820038EE45 /* Kingfisher */,
				991F969623D061C30038EE45 /* Stevia */,
				991F969923D062C80038EE45 /* ws */,
			);
			productName = StarterProject;
			productReference = 991E304A1E3F57810099AD2A /* StarterProject.app */;
			productType = "com.apple.product-type.application";
		};
/* End PBXNativeTarget section */

/* Begin PBXProject section */
		991E30421E3F57810099AD2A /* Project object */ = {
			isa = PBXProject;
			attributes = {
				LastSwiftUpdateCheck = 0820;
				LastUpgradeCheck = 0940;
				ORGANIZATIONNAME = freshOS;
				TargetAttributes = {
					991E30491E3F57810099AD2A = {
						CreatedOnToolsVersion = 8.2.1;
						LastSwiftMigration = 1020;
						ProvisioningStyle = Automatic;
					};
				};
			};
			buildConfigurationList = 991E30451E3F57810099AD2A /* Build configuration list for PBXProject "StarterProject" */;
			compatibilityVersion = "Xcode 3.2";
			developmentRegion = en;
			hasScannedForEncodings = 0;
			knownRegions = (
				en,
				Base,
				es,
			);
			mainGroup = 991E30411E3F57810099AD2A;
			packageReferences = (
				991F969223D060820038EE45 /* XCRemoteSwiftPackageReference "Kingfisher" */,
				991F969523D061C30038EE45 /* XCRemoteSwiftPackageReference "Stevia" */,
				991F969823D062C80038EE45 /* XCRemoteSwiftPackageReference "ws" */,
			);
			productRefGroup = 991E304B1E3F57810099AD2A /* Products */;
			projectDirPath = "";
			projectRoot = "";
			targets = (
				991E30491E3F57810099AD2A /* StarterProject */,
			);
		};
/* End PBXProject section */

/* Begin PBXResourcesBuildPhase section */
		991E30481E3F57810099AD2A /* Resources */ = {
			isa = PBXResourcesBuildPhase;
			buildActionMask = 2147483647;
			files = (
				99EC7AEA1E3F71DD008BBBA5 /* LaunchScreen.storyboard in Resources */,
				9964CFA61E4669B800E051AD /* Localizable.strings in Resources */,
				99EC7AE91E3F71DD008BBBA5 /* Assets.xcassets in Resources */,
			);
			runOnlyForDeploymentPostprocessing = 0;
		};
/* End PBXResourcesBuildPhase section */

/* Begin PBXShellScriptBuildPhase section */
		999127BC1E4666C7007E9B00 /* Localisation Safety net Run Script */ = {
			isa = PBXShellScriptBuildPhase;
			buildActionMask = 2147483647;
			files = (
			);
			inputPaths = (
			);
			name = "Localisation Safety net Run Script";
			outputPaths = (
			);
			runOnlyForDeploymentPostprocessing = 0;
			shellPath = /bin/sh;
			shellScript = "${SRCROOT}/Source/Localize.swift";
		};
/* End PBXShellScriptBuildPhase section */

/* Begin PBXSourcesBuildPhase section */
		991E30461E3F57810099AD2A /* Sources */ = {
			isa = PBXSourcesBuildPhase;
			buildActionMask = 2147483647;
			files = (
				99EC7AED1E3F71DD008BBBA5 /* AppDelegate.swift in Sources */,
				998CF1821FB9EF070071B21B /* Photo+Api.swift in Sources */,
				99EC7AF01E3F71DD008BBBA5 /* PhotosView.swift in Sources */,
				99EC7AF11E3F71DD008BBBA5 /* PhotoCell.swift in Sources */,
				99EC7AEB1E3F71DD008BBBA5 /* Photo+JSON.swift in Sources */,
				99EC7AEE1E3F71DD008BBBA5 /* Api.swift in Sources */,
				99EC7AF21E3F71DD008BBBA5 /* PhotosVC.swift in Sources */,
				99EC7AEF1E3F71DD008BBBA5 /* WSApi.swift in Sources */,
				99EC7AEC1E3F71DD008BBBA5 /* Photo.swift in Sources */,
				99EC7AF31E3F71DD008BBBA5 /* PhotoCell+Photo.swift in Sources */,
			);
			runOnlyForDeploymentPostprocessing = 0;
		};
/* End PBXSourcesBuildPhase section */

/* Begin PBXVariantGroup section */
		9964CFA31E4669B800E051AD /* Localizable.strings */ = {
			isa = PBXVariantGroup;
			children = (
				9964CFA41E4669B800E051AD /* es */,
				9964CFA51E4669B800E051AD /* en */,
			);
			name = Localizable.strings;
			sourceTree = "<group>";
		};
		99EC7ADD1E3F71DD008BBBA5 /* LaunchScreen.storyboard */ = {
			isa = PBXVariantGroup;
			children = (
				99EC7ADE1E3F71DD008BBBA5 /* Base */,
			);
			name = LaunchScreen.storyboard;
			sourceTree = "<group>";
		};
/* End PBXVariantGroup section */

/* Begin XCBuildConfiguration section */
		991E305A1E3F57810099AD2A /* Debug */ = {
			isa = XCBuildConfiguration;
			buildSettings = {
				ALWAYS_SEARCH_USER_PATHS = NO;
				CLANG_ANALYZER_LOCALIZABILITY_NONLOCALIZED = YES;
				CLANG_ANALYZER_NONNULL = YES;
				CLANG_CXX_LANGUAGE_STANDARD = "gnu++0x";
				CLANG_CXX_LIBRARY = "libc++";
				CLANG_ENABLE_MODULES = YES;
				CLANG_ENABLE_OBJC_ARC = YES;
				CLANG_WARN_BLOCK_CAPTURE_AUTORELEASING = YES;
				CLANG_WARN_BOOL_CONVERSION = YES;
				CLANG_WARN_COMMA = YES;
				CLANG_WARN_CONSTANT_CONVERSION = YES;
				CLANG_WARN_DEPRECATED_OBJC_IMPLEMENTATIONS = YES;
				CLANG_WARN_DIRECT_OBJC_ISA_USAGE = YES_ERROR;
				CLANG_WARN_DOCUMENTATION_COMMENTS = YES;
				CLANG_WARN_EMPTY_BODY = YES;
				CLANG_WARN_ENUM_CONVERSION = YES;
				CLANG_WARN_INFINITE_RECURSION = YES;
				CLANG_WARN_INT_CONVERSION = YES;
				CLANG_WARN_NON_LITERAL_NULL_CONVERSION = YES;
				CLANG_WARN_OBJC_IMPLICIT_RETAIN_SELF = YES;
				CLANG_WARN_OBJC_LITERAL_CONVERSION = YES;
				CLANG_WARN_OBJC_ROOT_CLASS = YES_ERROR;
				CLANG_WARN_RANGE_LOOP_ANALYSIS = YES;
				CLANG_WARN_STRICT_PROTOTYPES = YES;
				CLANG_WARN_SUSPICIOUS_MOVE = YES;
				CLANG_WARN_UNREACHABLE_CODE = YES;
				CLANG_WARN__DUPLICATE_METHOD_MATCH = YES;
				"CODE_SIGN_IDENTITY[sdk=iphoneos*]" = "iPhone Developer";
				COPY_PHASE_STRIP = NO;
				DEBUG_INFORMATION_FORMAT = dwarf;
				ENABLE_STRICT_OBJC_MSGSEND = YES;
				ENABLE_TESTABILITY = YES;
				GCC_C_LANGUAGE_STANDARD = gnu99;
				GCC_DYNAMIC_NO_PIC = NO;
				GCC_NO_COMMON_BLOCKS = YES;
				GCC_OPTIMIZATION_LEVEL = 0;
				GCC_PREPROCESSOR_DEFINITIONS = (
					"DEBUG=1",
					"$(inherited)",
				);
				GCC_WARN_64_TO_32_BIT_CONVERSION = YES;
				GCC_WARN_ABOUT_RETURN_TYPE = YES_ERROR;
				GCC_WARN_UNDECLARED_SELECTOR = YES;
				GCC_WARN_UNINITIALIZED_AUTOS = YES_AGGRESSIVE;
				GCC_WARN_UNUSED_FUNCTION = YES;
				GCC_WARN_UNUSED_VARIABLE = YES;
				IPHONEOS_DEPLOYMENT_TARGET = 10.2;
				MTL_ENABLE_DEBUG_INFO = YES;
				ONLY_ACTIVE_ARCH = YES;
				SDKROOT = iphoneos;
				SWIFT_ACTIVE_COMPILATION_CONDITIONS = DEBUG;
				SWIFT_OPTIMIZATION_LEVEL = "-Onone";
				SWIFT_VERSION = 5.0;
				TARGETED_DEVICE_FAMILY = "1,2";
			};
			name = Debug;
		};
		991E305B1E3F57810099AD2A /* Release */ = {
			isa = XCBuildConfiguration;
			buildSettings = {
				ALWAYS_SEARCH_USER_PATHS = NO;
				CLANG_ANALYZER_LOCALIZABILITY_NONLOCALIZED = YES;
				CLANG_ANALYZER_NONNULL = YES;
				CLANG_CXX_LANGUAGE_STANDARD = "gnu++0x";
				CLANG_CXX_LIBRARY = "libc++";
				CLANG_ENABLE_MODULES = YES;
				CLANG_ENABLE_OBJC_ARC = YES;
				CLANG_WARN_BLOCK_CAPTURE_AUTORELEASING = YES;
				CLANG_WARN_BOOL_CONVERSION = YES;
				CLANG_WARN_COMMA = YES;
				CLANG_WARN_CONSTANT_CONVERSION = YES;
				CLANG_WARN_DEPRECATED_OBJC_IMPLEMENTATIONS = YES;
				CLANG_WARN_DIRECT_OBJC_ISA_USAGE = YES_ERROR;
				CLANG_WARN_DOCUMENTATION_COMMENTS = YES;
				CLANG_WARN_EMPTY_BODY = YES;
				CLANG_WARN_ENUM_CONVERSION = YES;
				CLANG_WARN_INFINITE_RECURSION = YES;
				CLANG_WARN_INT_CONVERSION = YES;
				CLANG_WARN_NON_LITERAL_NULL_CONVERSION = YES;
				CLANG_WARN_OBJC_IMPLICIT_RETAIN_SELF = YES;
				CLANG_WARN_OBJC_LITERAL_CONVERSION = YES;
				CLANG_WARN_OBJC_ROOT_CLASS = YES_ERROR;
				CLANG_WARN_RANGE_LOOP_ANALYSIS = YES;
				CLANG_WARN_STRICT_PROTOTYPES = YES;
				CLANG_WARN_SUSPICIOUS_MOVE = YES;
				CLANG_WARN_UNREACHABLE_CODE = YES;
				CLANG_WARN__DUPLICATE_METHOD_MATCH = YES;
				"CODE_SIGN_IDENTITY[sdk=iphoneos*]" = "iPhone Developer";
				COPY_PHASE_STRIP = NO;
				DEBUG_INFORMATION_FORMAT = "dwarf-with-dsym";
				ENABLE_NS_ASSERTIONS = NO;
				ENABLE_STRICT_OBJC_MSGSEND = YES;
				GCC_C_LANGUAGE_STANDARD = gnu99;
				GCC_NO_COMMON_BLOCKS = YES;
				GCC_WARN_64_TO_32_BIT_CONVERSION = YES;
				GCC_WARN_ABOUT_RETURN_TYPE = YES_ERROR;
				GCC_WARN_UNDECLARED_SELECTOR = YES;
				GCC_WARN_UNINITIALIZED_AUTOS = YES_AGGRESSIVE;
				GCC_WARN_UNUSED_FUNCTION = YES;
				GCC_WARN_UNUSED_VARIABLE = YES;
				IPHONEOS_DEPLOYMENT_TARGET = 10.2;
				MTL_ENABLE_DEBUG_INFO = NO;
				SDKROOT = iphoneos;
				SWIFT_COMPILATION_MODE = wholemodule;
				SWIFT_OPTIMIZATION_LEVEL = "-O";
				SWIFT_VERSION = 5.0;
				TARGETED_DEVICE_FAMILY = "1,2";
				VALIDATE_PRODUCT = YES;
			};
			name = Release;
		};
		991E305D1E3F57810099AD2A /* Debug */ = {
			isa = XCBuildConfiguration;
			buildSettings = {
				ASSETCATALOG_COMPILER_APPICON_NAME = AppIcon;
				FRAMEWORK_SEARCH_PATHS = "";
				INFOPLIST_FILE = "$(SRCROOT)/Source/Info.plist";
				IPHONEOS_DEPLOYMENT_TARGET = 12.0;
				LD_RUNPATH_SEARCH_PATHS = (
					"$(inherited)",
					"@executable_path/Frameworks",
				);
				PRODUCT_BUNDLE_IDENTIFIER = com.freshOS.StarterProject;
				PRODUCT_NAME = "$(TARGET_NAME)";
				SWIFT_VERSION = 5.0;
			};
			name = Debug;
		};
		991E305E1E3F57810099AD2A /* Release */ = {
			isa = XCBuildConfiguration;
			buildSettings = {
				ASSETCATALOG_COMPILER_APPICON_NAME = AppIcon;
				FRAMEWORK_SEARCH_PATHS = "";
				INFOPLIST_FILE = "$(SRCROOT)/Source/Info.plist";
				IPHONEOS_DEPLOYMENT_TARGET = 12.0;
				LD_RUNPATH_SEARCH_PATHS = (
					"$(inherited)",
					"@executable_path/Frameworks",
				);
				PRODUCT_BUNDLE_IDENTIFIER = com.freshOS.StarterProject;
				PRODUCT_NAME = "$(TARGET_NAME)";
				SWIFT_VERSION = 5.0;
			};
			name = Release;
		};
/* End XCBuildConfiguration section */

/* Begin XCConfigurationList section */
		991E30451E3F57810099AD2A /* Build configuration list for PBXProject "StarterProject" */ = {
			isa = XCConfigurationList;
			buildConfigurations = (
				991E305A1E3F57810099AD2A /* Debug */,
				991E305B1E3F57810099AD2A /* Release */,
			);
			defaultConfigurationIsVisible = 0;
			defaultConfigurationName = Release;
		};
		991E305C1E3F57810099AD2A /* Build configuration list for PBXNativeTarget "StarterProject" */ = {
			isa = XCConfigurationList;
			buildConfigurations = (
				991E305D1E3F57810099AD2A /* Debug */,
				991E305E1E3F57810099AD2A /* Release */,
			);
			defaultConfigurationIsVisible = 0;
			defaultConfigurationName = Release;
		};
/* End XCConfigurationList section */

/* Begin XCRemoteSwiftPackageReference section */
		991F969223D060820038EE45 /* XCRemoteSwiftPackageReference "Kingfisher" */ = {
			isa = XCRemoteSwiftPackageReference;
			repositoryURL = "https://github.com/onevcat/Kingfisher";
			requirement = {
				kind = exactVersion;
				version = 5.12.0;
			};
		};
		991F969523D061C30038EE45 /* XCRemoteSwiftPackageReference "Stevia" */ = {
			isa = XCRemoteSwiftPackageReference;
			repositoryURL = "https://github.com/freshOS/Stevia";
			requirement = {
				kind = exactVersion;
				version = 4.8.0;
			};
		};
		991F969823D062C80038EE45 /* XCRemoteSwiftPackageReference "ws" */ = {
			isa = XCRemoteSwiftPackageReference;
			repositoryURL = "https://github.com/freshOS/ws";
			requirement = {
				kind = exactVersion;
				version = 5.1.2;
			};
		};
/* End XCRemoteSwiftPackageReference section */

/* Begin XCSwiftPackageProductDependency section */
		991F969323D060820038EE45 /* Kingfisher */ = {
			isa = XCSwiftPackageProductDependency;
			package = 991F969223D060820038EE45 /* XCRemoteSwiftPackageReference "Kingfisher" */;
			productName = Kingfisher;
		};
		991F969623D061C30038EE45 /* Stevia */ = {
			isa = XCSwiftPackageProductDependency;
			package = 991F969523D061C30038EE45 /* XCRemoteSwiftPackageReference "Stevia" */;
			productName = Stevia;
		};
		991F969923D062C80038EE45 /* ws */ = {
			isa = XCSwiftPackageProductDependency;
			package = 991F969823D062C80038EE45 /* XCRemoteSwiftPackageReference "ws" */;
			productName = ws;
		};
/* End XCSwiftPackageProductDependency section */
	};
	rootObject = 991E30421E3F57810099AD2A /* Project object */;
}
